
Microsoft Visual Studio Solution File, Format Version 12.00
# Visual Studio Version 16
VisualStudioVersion = 16.0.31729.503
MinimumVisualStudioVersion = 10.0.40219.1
Project("{9A19103F-16F7-4668-BE54-9A1E7A4F7556}") = "AspNetCore.Metrics", "AspNetCore.Metrics\AspNetCore.Metrics.csproj", "{EF75A772-E4B7-4BEE-BAF4-0A48D0A44E18}"
EndProject
Project("{9A19103F-16F7-4668-BE54-9A1E7A4F7556}") = "AspNetCore.Metrics.Tests", "AspNetCore.Metrics.Tests\AspNetCore.Metrics.Tests.csproj", "{9661FBBB-7DFC-423B-BF2A-4A34EC6F001F}"
EndProject
Global
	GlobalSection(SolutionConfigurationPlatforms) = preSolution
		Debug|Any CPU = Debug|Any CPU
		Release|Any CPU = Release|Any CPU
	EndGlobalSection
	GlobalSection(ProjectConfigurationPlatforms) = postSolution
		{EF75A772-E4B7-4BEE-BAF4-0A48D0A44E18}.Debug|Any CPU.ActiveCfg = Debug|Any CPU
		{EF75A772-E4B7-4BEE-BAF4-0A48D0A44E18}.Debug|Any CPU.Build.0 = Debug|Any CPU
		{EF75A772-E4B7-4BEE-BAF4-0A48D0A44E18}.Release|Any CPU.ActiveCfg = Release|Any CPU
		{EF75A772-E4B7-4BEE-BAF4-0A48D0A44E18}.Release|Any CPU.Build.0 = Release|Any CPU
		{9661FBBB-7DFC-423B-BF2A-4A34EC6F001F}.Debug|Any CPU.ActiveCfg = Debug|Any CPU
		{9661FBBB-7DFC-423B-BF2A-4A34EC6F001F}.Debug|Any CPU.Build.0 = Debug|Any CPU
		{9661FBBB-7DFC-423B-BF2A-4A34EC6F001F}.Release|Any CPU.ActiveCfg = Release|Any CPU
		{9661FBBB-7DFC-423B-BF2A-4A34EC6F001F}.Release|Any CPU.Build.0 = Release|Any CPU
	EndGlobalSection
	GlobalSection(SolutionProperties) = preSolution
		HideSolutionNode = FALSE
	EndGlobalSection
	GlobalSection(ExtensibilityGlobals) = postSolution
		SolutionGuid = {4E14BACC-8627-4E9B-89B6-2421360DE94A}
	EndGlobalSection
EndGlobal
